
Microsoft Visual Studio Solution File, Format Version 12.00
# Visual Studio Version 16
VisualStudioVersion = 16.0.30128.74
MinimumVisualStudioVersion = 10.0.40219.1
Project("{FAE04EC0-301F-11D3-BF4B-00C04F79EFBC}") = "Exemplo.Identidade.API", "src\Services\Exemplo.Identidade.API\Exemplo.Identidade.API.csproj", "{A70D945D-8233-46CF-911A-C4726D033E2D}"
EndProject
Project("{FAE04EC0-301F-11D3-BF4B-00C04F79EFBC}") = "Exemplo.Clientes.API", "src\Services\Exemplo.Clientes.API\Exemplo.Clientes.API.csproj", "{EEFDC17E-4947-440D-B788-6B57817388C3}"
EndProject
Global
	GlobalSection(SolutionConfigurationPlatforms) = preSolution
		Debug|Any CPU = Debug|Any CPU
		Release|Any CPU = Release|Any CPU
	EndGlobalSection
	GlobalSection(ProjectConfigurationPlatforms) = postSolution
		{A70D945D-8233-46CF-911A-C4726D033E2D}.Debug|Any CPU.ActiveCfg = Debug|Any CPU
		{A70D945D-8233-46CF-911A-C4726D033E2D}.Debug|Any CPU.Build.0 = Debug|Any CPU
		{A70D945D-8233-46CF-911A-C4726D033E2D}.Release|Any CPU.ActiveCfg = Release|Any CPU
		{A70D945D-8233-46CF-911A-C4726D033E2D}.Release|Any CPU.Build.0 = Release|Any CPU
		{EEFDC17E-4947-440D-B788-6B57817388C3}.Debug|Any CPU.ActiveCfg = Debug|Any CPU
		{EEFDC17E-4947-440D-B788-6B57817388C3}.Debug|Any CPU.Build.0 = Debug|Any CPU
		{EEFDC17E-4947-440D-B788-6B57817388C3}.Release|Any CPU.ActiveCfg = Release|Any CPU
		{EEFDC17E-4947-440D-B788-6B57817388C3}.Release|Any CPU.Build.0 = Release|Any CPU
	EndGlobalSection
	GlobalSection(SolutionProperties) = preSolution
		HideSolutionNode = FALSE
	EndGlobalSection
	GlobalSection(ExtensibilityGlobals) = postSolution
		SolutionGuid = {4E8EB69A-8AF3-4BE7-8E1A-C98E7DBCDF81}
	EndGlobalSection
EndGlobal
